{
  "originHash" : "611d3f8d208280a03f7fd91e66c4b4faa1c683445e143178b1a802072f175ace",
  "pins" : [
    {
      "identity" : "maplibre-gl-native-distribution",
      "kind" : "remoteSourceControl",
      "location" : "https://github.com/maplibre/maplibre-gl-native-distribution",
      "state" : {
        "revision" : "816a24eb56b7cd004e389f7da404047839d5dc2b",
        "version" : "6.4.2"
      }
    },
    {
      "identity" : "permissionsswiftui",
      "kind" : "remoteSourceControl",
      "location" : "https://github.com/lukaszkn/PermissionsSwiftUI.git",
      "state" : {
        "branch" : "main",
        "revision" : "da581a2f02fb69e9c974631fb7a79290282f43c3"
      }
    },
    {
      "identity" : "swiftui-introspect",
      "kind" : "remoteSourceControl",
      "location" : "https://github.com/siteline/SwiftUI-Introspect",
      "state" : {
        "revision" : "121c146fe591b1320238d054ae35c81ffa45f45a",
        "version" : "0.12.0"
      }
    }
  ],
  "version" : 3
}
