// !$*UTF8*$!
{
	archiveVersion = 1;
	classes = {
	};
	objectVersion = 56;
	objects = {

/* Begin PBXBuildFile section */
		B211DA262C04D18900ABD0F3 /* LocationService.swift in Sources */ = {isa = PBXBuildFile; fileRef = B211DA252C04D18900ABD0F3 /* LocationService.swift */; };
		B211DA282C04F9DC00ABD0F3 /* MapAreaDetailsView.swift in Sources */ = {isa = PBXBuildFile; fileRef = B211DA272C04F9DC00ABD0F3 /* MapAreaDetailsView.swift */; };
		B211DA2A2C04FF3500ABD0F3 /* MapAreaDetailsViewModel.swift in Sources */ = {isa = PBXBuildFile; fileRef = B211DA292C04FF3500ABD0F3 /* MapAreaDetailsViewModel.swift */; };
		B211DA2C2C0500D400ABD0F3 /* Station.swift in Sources */ = {isa = PBXBuildFile; fileRef = B211DA2B2C0500D400ABD0F3 /* Station.swift */; };
		B211DA2E2C0500E800ABD0F3 /* Track.swift in Sources */ = {isa = PBXBuildFile; fileRef = B211DA2D2C0500E800ABD0F3 /* Track.swift */; };
		B244E9F22C0DE03300D3BA9A /* GlobalState.swift in Sources */ = {isa = PBXBuildFile; fileRef = B244E9F12C0DE03300D3BA9A /* GlobalState.swift */; };
		B244E9FC2C0E251000D3BA9A /* CapturingView.swift in Sources */ = {isa = PBXBuildFile; fileRef = B25C916C2C06940300EC0278 /* CapturingView.swift */; };
		B244E9FD2C0E251300D3BA9A /* ScreenshotWithTitle.swift in Sources */ = {isa = PBXBuildFile; fileRef = B25C916D2C06940300EC0278 /* ScreenshotWithTitle.swift */; };
		B244E9FE2C0E251F00D3BA9A /* Assets.xcassets in Resources */ = {isa = PBXBuildFile; fileRef = B25C916F2C06940300EC0278 /* Assets.xcassets */; };
		B244E9FF2C0E254700D3BA9A /* RailwayMapUITests.swift in Sources */ = {isa = PBXBuildFile; fileRef = B261342F2BFB92B900E0233E /* RailwayMapUITests.swift */; };
		B244EA012C0E255900D3BA9A /* ExportMarketingImageToURL.swift in Sources */ = {isa = PBXBuildFile; fileRef = B244EA002C0E255900D3BA9A /* ExportMarketingImageToURL.swift */; };
		B25C91632C05DF7900EC0278 /* Swinject in Frameworks */ = {isa = PBXBuildFile; productRef = B25C91622C05DF7900EC0278 /* Swinject */; };
		B25C91652C05E29F00EC0278 /* AppDelegate.swift in Sources */ = {isa = PBXBuildFile; fileRef = B25C91642C05E29F00EC0278 /* AppDelegate.swift */; };
		B25C91722C06940300EC0278 /* ExportSize.swift in Sources */ = {isa = PBXBuildFile; fileRef = B25C91672C06940300EC0278 /* ExportSize.swift */; };
		B25C91732C06940300EC0278 /* ImageBackground.swift in Sources */ = {isa = PBXBuildFile; fileRef = B25C91682C06940300EC0278 /* ImageBackground.swift */; };
		B25C91742C06940300EC0278 /* TitleAlignment.swift in Sources */ = {isa = PBXBuildFile; fileRef = B25C91692C06940300EC0278 /* TitleAlignment.swift */; };
		B25C91752C06940300EC0278 /* ViewToUIImage.swift in Sources */ = {isa = PBXBuildFile; fileRef = B25C916A2C06940300EC0278 /* ViewToUIImage.swift */; };
		B25C917A2C07354800EC0278 /* ExploreTabViewModel.swift in Sources */ = {isa = PBXBuildFile; fileRef = B25C91792C07354800EC0278 /* ExploreTabViewModel.swift */; };
		B25C917C2C0736FA00EC0278 /* MapSourceService.swift in Sources */ = {isa = PBXBuildFile; fileRef = B25C917B2C0736FA00EC0278 /* MapSourceService.swift */; };
		B25C917E2C07803300EC0278 /* Double+Extensions.swift in Sources */ = {isa = PBXBuildFile; fileRef = B25C917D2C07803300EC0278 /* Double+Extensions.swift */; };
		B25C91802C07875C00EC0278 /* Notification+Extensions.swift in Sources */ = {isa = PBXBuildFile; fileRef = B25C917F2C07875C00EC0278 /* Notification+Extensions.swift */; };
		B25C91822C07AD7900EC0278 /* MainContentViewModel.swift in Sources */ = {isa = PBXBuildFile; fileRef = B25C91812C07AD7900EC0278 /* MainContentViewModel.swift */; };
		B26134152BFB92B700E0233E /* RailwayMapApp.swift in Sources */ = {isa = PBXBuildFile; fileRef = B26134142BFB92B700E0233E /* RailwayMapApp.swift */; };
		B26134172BFB92B700E0233E /* ContentView.swift in Sources */ = {isa = PBXBuildFile; fileRef = B26134162BFB92B700E0233E /* ContentView.swift */; };
		B26134192BFB92B800E0233E /* Assets.xcassets in Resources */ = {isa = PBXBuildFile; fileRef = B26134182BFB92B800E0233E /* Assets.xcassets */; };
		B261341C2BFB92B800E0233E /* Preview Assets.xcassets in Resources */ = {isa = PBXBuildFile; fileRef = B261341B2BFB92B800E0233E /* Preview Assets.xcassets */; };
		B26134262BFB92B800E0233E /* RailwayMapTests.swift in Sources */ = {isa = PBXBuildFile; fileRef = B26134252BFB92B800E0233E /* RailwayMapTests.swift */; };
		B26134322BFB92B900E0233E /* RailwayMapUITestsLaunchTests.swift in Sources */ = {isa = PBXBuildFile; fileRef = B26134312BFB92B900E0233E /* RailwayMapUITestsLaunchTests.swift */; };
		B26134412BFB9F9000E0233E /* MapTabView.swift in Sources */ = {isa = PBXBuildFile; fileRef = B26134402BFB9F9000E0233E /* MapTabView.swift */; };
		B26134432BFBA07800E0233E /* world-railways.mbtiles in Resources */ = {isa = PBXBuildFile; fileRef = B26134422BFBA07800E0233E /* world-railways.mbtiles */; };
		B26134462BFBA1C500E0233E /* MapLibre in Frameworks */ = {isa = PBXBuildFile; productRef = B26134452BFBA1C500E0233E /* MapLibre */; };
		B26134482BFBA46E00E0233E /* MapLibreView.swift in Sources */ = {isa = PBXBuildFile; fileRef = B26134472BFBA46E00E0233E /* MapLibreView.swift */; };
		B290F7E72C0BCA2A002D86FB /* Color+Extensions.swift in Sources */ = {isa = PBXBuildFile; fileRef = B2FA04C32C02869B0036CBB0 /* Color+Extensions.swift */; };
		B2C059212C00C2EC004326F0 /* MapTabViewModel.swift in Sources */ = {isa = PBXBuildFile; fileRef = B2C059202C00C2EC004326F0 /* MapTabViewModel.swift */; };
		B2C059242C011490004326F0 /* MapLayerOptions.swift in Sources */ = {isa = PBXBuildFile; fileRef = B2C059232C011490004326F0 /* MapLayerOptions.swift */; };
		B2C059262C011532004326F0 /* MapLayersOptionsView.swift in Sources */ = {isa = PBXBuildFile; fileRef = B2C059252C011532004326F0 /* MapLayersOptionsView.swift */; };
		B2C059282C011579004326F0 /* MapLayerOptionCellView.swift in Sources */ = {isa = PBXBuildFile; fileRef = B2C059272C011579004326F0 /* MapLayerOptionCellView.swift */; };
		B2D262D92C0F0659004B67A5 /* UserDefaults+Extensions.swift in Sources */ = {isa = PBXBuildFile; fileRef = B2D262D82C0F0659004B67A5 /* UserDefaults+Extensions.swift */; };
		B2D262DC2C0F5BE5004B67A5 /* DebugAction.swift in Sources */ = {isa = PBXBuildFile; fileRef = B2D262DB2C0F5BE5004B67A5 /* DebugAction.swift */; };
		B2D262DD2C0FA1F9004B67A5 /* DebugAction.swift in Sources */ = {isa = PBXBuildFile; fileRef = B2D262DB2C0F5BE5004B67A5 /* DebugAction.swift */; };
		B2FA04B32C023A700036CBB0 /* Localizable.xcstrings in Resources */ = {isa = PBXBuildFile; fileRef = B2FA04B22C023A700036CBB0 /* Localizable.xcstrings */; };
		B2FA04B52C023AAB0036CBB0 /* InfoPlist.xcstrings in Resources */ = {isa = PBXBuildFile; fileRef = B2FA04B42C023AAB0036CBB0 /* InfoPlist.xcstrings */; };
		B2FA04B72C023BB40036CBB0 /* PrivacyInfo.xcprivacy in Resources */ = {isa = PBXBuildFile; fileRef = B2FA04B62C023BB40036CBB0 /* PrivacyInfo.xcprivacy */; };
		B2FA04B92C023C180036CBB0 /* LaunchScreen.storyboard in Resources */ = {isa = PBXBuildFile; fileRef = B2FA04B82C023C180036CBB0 /* LaunchScreen.storyboard */; };
		B2FA04BB2C023CD80036CBB0 /* RailwayMap.png in Resources */ = {isa = PBXBuildFile; fileRef = B2FA04BA2C023CD80036CBB0 /* RailwayMap.png */; };
		B2FA04BE2C023F8C0036CBB0 /* PermissionsSwiftUILocation in Frameworks */ = {isa = PBXBuildFile; productRef = B2FA04BD2C023F8C0036CBB0 /* PermissionsSwiftUILocation */; };
		B2FA04C02C0241220036CBB0 /* ExploreTabView.swift in Sources */ = {isa = PBXBuildFile; fileRef = B2FA04BF2C0241220036CBB0 /* ExploreTabView.swift */; };
		B2FA04C42C02869B0036CBB0 /* Color+Extensions.swift in Sources */ = {isa = PBXBuildFile; fileRef = B2FA04C32C02869B0036CBB0 /* Color+Extensions.swift */; };
/* End PBXBuildFile section */

/* Begin PBXContainerItemProxy section */
		B26134222BFB92B800E0233E /* PBXContainerItemProxy */ = {
			isa = PBXContainerItemProxy;
			containerPortal = B26134092BFB92B700E0233E /* Project object */;
			proxyType = 1;
			remoteGlobalIDString = B26134102BFB92B700E0233E;
			remoteInfo = RailwayMap;
		};
		B261342C2BFB92B900E0233E /* PBXContainerItemProxy */ = {
			isa = PBXContainerItemProxy;
			containerPortal = B26134092BFB92B700E0233E /* Project object */;
			proxyType = 1;
			remoteGlobalIDString = B26134102BFB92B700E0233E;
			remoteInfo = RailwayMap;
		};
/* End PBXContainerItemProxy section */

/* Begin PBXFileReference section */
		B211DA242C04CB2000ABD0F3 /* Info.plist */ = {isa = PBXFileReference; lastKnownFileType = text.plist; path = Info.plist; sourceTree = "<group>"; };
		B211DA252C04D18900ABD0F3 /* LocationService.swift */ = {isa = PBXFileReference; lastKnownFileType = sourcecode.swift; path = LocationService.swift; sourceTree = "<group>"; };
		B211DA272C04F9DC00ABD0F3 /* MapAreaDetailsView.swift */ = {isa = PBXFileReference; lastKnownFileType = sourcecode.swift; path = MapAreaDetailsView.swift; sourceTree = "<group>"; };
		B211DA292C04FF3500ABD0F3 /* MapAreaDetailsViewModel.swift */ = {isa = PBXFileReference; lastKnownFileType = sourcecode.swift; path = MapAreaDetailsViewModel.swift; sourceTree = "<group>"; };
		B211DA2B2C0500D400ABD0F3 /* Station.swift */ = {isa = PBXFileReference; lastKnownFileType = sourcecode.swift; path = Station.swift; sourceTree = "<group>"; };
		B211DA2D2C0500E800ABD0F3 /* Track.swift */ = {isa = PBXFileReference; lastKnownFileType = sourcecode.swift; path = Track.swift; sourceTree = "<group>"; };
		B244E9F12C0DE03300D3BA9A /* GlobalState.swift */ = {isa = PBXFileReference; lastKnownFileType = sourcecode.swift; path = GlobalState.swift; sourceTree = "<group>"; };
		B244E9F32C0E1DD600D3BA9A /* RailwayMap.xctestplan */ = {isa = PBXFileReference; lastKnownFileType = text; path = RailwayMap.xctestplan; sourceTree = "<group>"; };
		B244EA002C0E255900D3BA9A /* ExportMarketingImageToURL.swift */ = {isa = PBXFileReference; fileEncoding = 4; lastKnownFileType = sourcecode.swift; path = ExportMarketingImageToURL.swift; sourceTree = "<group>"; };
		B25C91642C05E29F00EC0278 /* AppDelegate.swift */ = {isa = PBXFileReference; lastKnownFileType = sourcecode.swift; path = AppDelegate.swift; sourceTree = "<group>"; };
		B25C91672C06940300EC0278 /* ExportSize.swift */ = {isa = PBXFileReference; fileEncoding = 4; lastKnownFileType = sourcecode.swift; path = ExportSize.swift; sourceTree = "<group>"; };
		B25C91682C06940300EC0278 /* ImageBackground.swift */ = {isa = PBXFileReference; fileEncoding = 4; lastKnownFileType = sourcecode.swift; path = ImageBackground.swift; sourceTree = "<group>"; };
		B25C91692C06940300EC0278 /* TitleAlignment.swift */ = {isa = PBXFileReference; fileEncoding = 4; lastKnownFileType = sourcecode.swift; path = TitleAlignment.swift; sourceTree = "<group>"; };
		B25C916A2C06940300EC0278 /* ViewToUIImage.swift */ = {isa = PBXFileReference; fileEncoding = 4; lastKnownFileType = sourcecode.swift; path = ViewToUIImage.swift; sourceTree = "<group>"; };
		B25C916C2C06940300EC0278 /* CapturingView.swift */ = {isa = PBXFileReference; fileEncoding = 4; lastKnownFileType = sourcecode.swift; path = CapturingView.swift; sourceTree = "<group>"; };
		B25C916D2C06940300EC0278 /* ScreenshotWithTitle.swift */ = {isa = PBXFileReference; fileEncoding = 4; lastKnownFileType = sourcecode.swift; path = ScreenshotWithTitle.swift; sourceTree = "<group>"; };
		B25C916F2C06940300EC0278 /* Assets.xcassets */ = {isa = PBXFileReference; lastKnownFileType = folder.assetcatalog; path = Assets.xcassets; sourceTree = "<group>"; };
		B25C91792C07354800EC0278 /* ExploreTabViewModel.swift */ = {isa = PBXFileReference; lastKnownFileType = sourcecode.swift; path = ExploreTabViewModel.swift; sourceTree = "<group>"; };
		B25C917B2C0736FA00EC0278 /* MapSourceService.swift */ = {isa = PBXFileReference; lastKnownFileType = sourcecode.swift; path = MapSourceService.swift; sourceTree = "<group>"; };
		B25C917D2C07803300EC0278 /* Double+Extensions.swift */ = {isa = PBXFileReference; lastKnownFileType = sourcecode.swift; path = "Double+Extensions.swift"; sourceTree = "<group>"; };
		B25C917F2C07875C00EC0278 /* Notification+Extensions.swift */ = {isa = PBXFileReference; lastKnownFileType = sourcecode.swift; path = "Notification+Extensions.swift"; sourceTree = "<group>"; };
		B25C91812C07AD7900EC0278 /* MainContentViewModel.swift */ = {isa = PBXFileReference; lastKnownFileType = sourcecode.swift; path = MainContentViewModel.swift; sourceTree = "<group>"; };
		B26134112BFB92B700E0233E /* RailwayMap.app */ = {isa = PBXFileReference; explicitFileType = wrapper.application; includeInIndex = 0; path = RailwayMap.app; sourceTree = BUILT_PRODUCTS_DIR; };
		B26134142BFB92B700E0233E /* RailwayMapApp.swift */ = {isa = PBXFileReference; lastKnownFileType = sourcecode.swift; path = RailwayMapApp.swift; sourceTree = "<group>"; };
		B26134162BFB92B700E0233E /* ContentView.swift */ = {isa = PBXFileReference; lastKnownFileType = sourcecode.swift; path = ContentView.swift; sourceTree = "<group>"; };
		B26134182BFB92B800E0233E /* Assets.xcassets */ = {isa = PBXFileReference; lastKnownFileType = folder.assetcatalog; path = Assets.xcassets; sourceTree = "<group>"; };
		B261341B2BFB92B800E0233E /* Preview Assets.xcassets */ = {isa = PBXFileReference; lastKnownFileType = folder.assetcatalog; path = "Preview Assets.xcassets"; sourceTree = "<group>"; };
		B26134212BFB92B800E0233E /* RailwayMapTests.xctest */ = {isa = PBXFileReference; explicitFileType = wrapper.cfbundle; includeInIndex = 0; path = RailwayMapTests.xctest; sourceTree = BUILT_PRODUCTS_DIR; };
		B26134252BFB92B800E0233E /* RailwayMapTests.swift */ = {isa = PBXFileReference; lastKnownFileType = sourcecode.swift; path = RailwayMapTests.swift; sourceTree = "<group>"; };
		B261342B2BFB92B900E0233E /* RailwayMapUITests.xctest */ = {isa = PBXFileReference; explicitFileType = wrapper.cfbundle; includeInIndex = 0; path = RailwayMapUITests.xctest; sourceTree = BUILT_PRODUCTS_DIR; };
		B261342F2BFB92B900E0233E /* RailwayMapUITests.swift */ = {isa = PBXFileReference; lastKnownFileType = sourcecode.swift; path = RailwayMapUITests.swift; sourceTree = "<group>"; };
		B26134312BFB92B900E0233E /* RailwayMapUITestsLaunchTests.swift */ = {isa = PBXFileReference; lastKnownFileType = sourcecode.swift; path = RailwayMapUITestsLaunchTests.swift; sourceTree = "<group>"; };
		B26134402BFB9F9000E0233E /* MapTabView.swift */ = {isa = PBXFileReference; lastKnownFileType = sourcecode.swift; path = MapTabView.swift; sourceTree = "<group>"; };
		B26134422BFBA07800E0233E /* world-railways.mbtiles */ = {isa = PBXFileReference; lastKnownFileType = file; path = "world-railways.mbtiles"; sourceTree = "<group>"; };
		B26134472BFBA46E00E0233E /* MapLibreView.swift */ = {isa = PBXFileReference; lastKnownFileType = sourcecode.swift; path = MapLibreView.swift; sourceTree = "<group>"; };
		B2C0591E2BFE939F004326F0 /* Notes.md */ = {isa = PBXFileReference; lastKnownFileType = net.daringfireball.markdown; path = Notes.md; sourceTree = "<group>"; };
		B2C059202C00C2EC004326F0 /* MapTabViewModel.swift */ = {isa = PBXFileReference; lastKnownFileType = sourcecode.swift; path = MapTabViewModel.swift; sourceTree = "<group>"; };
		B2C059232C011490004326F0 /* MapLayerOptions.swift */ = {isa = PBXFileReference; lastKnownFileType = sourcecode.swift; path = MapLayerOptions.swift; sourceTree = "<group>"; };
		B2C059252C011532004326F0 /* MapLayersOptionsView.swift */ = {isa = PBXFileReference; lastKnownFileType = sourcecode.swift; path = MapLayersOptionsView.swift; sourceTree = "<group>"; };
		B2C059272C011579004326F0 /* MapLayerOptionCellView.swift */ = {isa = PBXFileReference; lastKnownFileType = sourcecode.swift; path = MapLayerOptionCellView.swift; sourceTree = "<group>"; };
		B2D262D82C0F0659004B67A5 /* UserDefaults+Extensions.swift */ = {isa = PBXFileReference; lastKnownFileType = sourcecode.swift; path = "UserDefaults+Extensions.swift"; sourceTree = "<group>"; };
		B2D262DB2C0F5BE5004B67A5 /* DebugAction.swift */ = {isa = PBXFileReference; lastKnownFileType = sourcecode.swift; path = DebugAction.swift; sourceTree = "<group>"; };
		B2FA04B22C023A700036CBB0 /* Localizable.xcstrings */ = {isa = PBXFileReference; lastKnownFileType = text.json.xcstrings; path = Localizable.xcstrings; sourceTree = "<group>"; };
		B2FA04B42C023AAB0036CBB0 /* InfoPlist.xcstrings */ = {isa = PBXFileReference; lastKnownFileType = text.json.xcstrings; path = InfoPlist.xcstrings; sourceTree = "<group>"; };
		B2FA04B62C023BB40036CBB0 /* PrivacyInfo.xcprivacy */ = {isa = PBXFileReference; lastKnownFileType = text.xml; path = PrivacyInfo.xcprivacy; sourceTree = "<group>"; };
		B2FA04B82C023C180036CBB0 /* LaunchScreen.storyboard */ = {isa = PBXFileReference; lastKnownFileType = file.storyboard; path = LaunchScreen.storyboard; sourceTree = "<group>"; };
		B2FA04BA2C023CD80036CBB0 /* RailwayMap.png */ = {isa = PBXFileReference; lastKnownFileType = image.png; path = RailwayMap.png; sourceTree = "<group>"; };
		B2FA04BF2C0241220036CBB0 /* ExploreTabView.swift */ = {isa = PBXFileReference; lastKnownFileType = sourcecode.swift; path = ExploreTabView.swift; sourceTree = "<group>"; };
		B2FA04C32C02869B0036CBB0 /* Color+Extensions.swift */ = {isa = PBXFileReference; lastKnownFileType = sourcecode.swift; path = "Color+Extensions.swift"; sourceTree = "<group>"; };
/* End PBXFileReference section */

/* Begin PBXFrameworksBuildPhase section */
		B261340E2BFB92B700E0233E /* Frameworks */ = {
			isa = PBXFrameworksBuildPhase;
			buildActionMask = 2147483647;
			files = (
				B2FA04BE2C023F8C0036CBB0 /* PermissionsSwiftUILocation in Frameworks */,
				B26134462BFBA1C500E0233E /* MapLibre in Frameworks */,
				B25C91632C05DF7900EC0278 /* Swinject in Frameworks */,
			);
			runOnlyForDeploymentPostprocessing = 0;
		};
		B261341E2BFB92B800E0233E /* Frameworks */ = {
			isa = PBXFrameworksBuildPhase;
			buildActionMask = 2147483647;
			files = (
			);
			runOnlyForDeploymentPostprocessing = 0;
		};
		B26134282BFB92B900E0233E /* Frameworks */ = {
			isa = PBXFrameworksBuildPhase;
			buildActionMask = 2147483647;
			files = (
			);
			runOnlyForDeploymentPostprocessing = 0;
		};
/* End PBXFrameworksBuildPhase section */

/* Begin PBXGroup section */
		B25C916B2C06940300EC0278 /* Helpers */ = {
			isa = PBXGroup;
			children = (
				B244EA002C0E255900D3BA9A /* ExportMarketingImageToURL.swift */,
				B25C91672C06940300EC0278 /* ExportSize.swift */,
				B25C91682C06940300EC0278 /* ImageBackground.swift */,
				B25C91692C06940300EC0278 /* TitleAlignment.swift */,
				B25C916A2C06940300EC0278 /* ViewToUIImage.swift */,
			);
			path = Helpers;
			sourceTree = "<group>";
		};
		B25C916E2C06940300EC0278 /* Views */ = {
			isa = PBXGroup;
			children = (
				B25C916C2C06940300EC0278 /* CapturingView.swift */,
				B25C916D2C06940300EC0278 /* ScreenshotWithTitle.swift */,
			);
			path = Views;
			sourceTree = "<group>";
		};
		B25C91702C06940300EC0278 /* Blacksmith */ = {
			isa = PBXGroup;
			children = (
				B25C916B2C06940300EC0278 /* Helpers */,
				B25C916E2C06940300EC0278 /* Views */,
				B25C916F2C06940300EC0278 /* Assets.xcassets */,
			);
			path = Blacksmith;
			sourceTree = "<group>";
		};
		B26134082BFB92B700E0233E = {
			isa = PBXGroup;
			children = (
				B2C0591E2BFE939F004326F0 /* Notes.md */,
				B26134122BFB92B700E0233E /* Products */,
				B26134132BFB92B700E0233E /* RailwayMap */,
				B244E9F32C0E1DD600D3BA9A /* RailwayMap.xctestplan */,
				B26134242BFB92B800E0233E /* RailwayMapTests */,
				B261342E2BFB92B900E0233E /* RailwayMapUITests */,
			);
			sourceTree = "<group>";
		};
		B26134122BFB92B700E0233E /* Products */ = {
			isa = PBXGroup;
			children = (
				B26134112BFB92B700E0233E /* RailwayMap.app */,
				B26134212BFB92B800E0233E /* RailwayMapTests.xctest */,
				B261342B2BFB92B900E0233E /* RailwayMapUITests.xctest */,
			);
			name = Products;
			sourceTree = "<group>";
		};
		B26134132BFB92B700E0233E /* RailwayMap */ = {
			isa = PBXGroup;
			children = (
				B25C91642C05E29F00EC0278 /* AppDelegate.swift */,
				B26134182BFB92B800E0233E /* Assets.xcassets */,
				B26134162BFB92B700E0233E /* ContentView.swift */,
				B261343E2BFB934600E0233E /* Data */,
				B2D262DA2C0F5A51004B67A5 /* Debug */,
				B2FA04C22C0286380036CBB0 /* Extensions */,
				B211DA242C04CB2000ABD0F3 /* Info.plist */,
				B2C059222C0113FF004326F0 /* Model */,
				B2FA04B12C0230280036CBB0 /* Other */,
				B261341A2BFB92B800E0233E /* Preview Content */,
				B26134142BFB92B700E0233E /* RailwayMapApp.swift */,
				B2FA04C12C02862B0036CBB0 /* Service */,
				B261343F2BFB9F7100E0233E /* View */,
				B2C0591F2C00C26B004326F0 /* ViewModel */,
			);
			path = RailwayMap;
			sourceTree = "<group>";
		};
		B261341A2BFB92B800E0233E /* Preview Content */ = {
			isa = PBXGroup;
			children = (
				B261341B2BFB92B800E0233E /* Preview Assets.xcassets */,
			);
			path = "Preview Content";
			sourceTree = "<group>";
		};
		B26134242BFB92B800E0233E /* RailwayMapTests */ = {
			isa = PBXGroup;
			children = (
				B26134252BFB92B800E0233E /* RailwayMapTests.swift */,
			);
			path = RailwayMapTests;
			sourceTree = "<group>";
		};
		B261342E2BFB92B900E0233E /* RailwayMapUITests */ = {
			isa = PBXGroup;
			children = (
				B25C91702C06940300EC0278 /* Blacksmith */,
				B261342F2BFB92B900E0233E /* RailwayMapUITests.swift */,
				B26134312BFB92B900E0233E /* RailwayMapUITestsLaunchTests.swift */,
			);
			path = RailwayMapUITests;
			sourceTree = "<group>";
		};
		B261343E2BFB934600E0233E /* Data */ = {
			isa = PBXGroup;
			children = (
				B26134422BFBA07800E0233E /* world-railways.mbtiles */,
			);
			path = Data;
			sourceTree = "<group>";
		};
		B261343F2BFB9F7100E0233E /* View */ = {
			isa = PBXGroup;
			children = (
				B2FA04BF2C0241220036CBB0 /* ExploreTabView.swift */,
				B2C059272C011579004326F0 /* MapLayerOptionCellView.swift */,
				B2C059252C011532004326F0 /* MapLayersOptionsView.swift */,
				B26134472BFBA46E00E0233E /* MapLibreView.swift */,
				B26134402BFB9F9000E0233E /* MapTabView.swift */,
				B211DA272C04F9DC00ABD0F3 /* MapAreaDetailsView.swift */,
			);
			path = View;
			sourceTree = "<group>";
		};
		B2C0591F2C00C26B004326F0 /* ViewModel */ = {
			isa = PBXGroup;
			children = (
				B25C91792C07354800EC0278 /* ExploreTabViewModel.swift */,
				B25C91812C07AD7900EC0278 /* MainContentViewModel.swift */,
				B211DA292C04FF3500ABD0F3 /* MapAreaDetailsViewModel.swift */,
				B2C059202C00C2EC004326F0 /* MapTabViewModel.swift */,
			);
			path = ViewModel;
			sourceTree = "<group>";
		};
		B2C059222C0113FF004326F0 /* Model */ = {
			isa = PBXGroup;
			children = (
				B244E9F12C0DE03300D3BA9A /* GlobalState.swift */,
				B2C059232C011490004326F0 /* MapLayerOptions.swift */,
				B211DA2B2C0500D400ABD0F3 /* Station.swift */,
				B211DA2D2C0500E800ABD0F3 /* Track.swift */,
			);
			path = Model;
			sourceTree = "<group>";
		};
		B2D262DA2C0F5A51004B67A5 /* Debug */ = {
			isa = PBXGroup;
			children = (
				B2D262DB2C0F5BE5004B67A5 /* DebugAction.swift */,
			);
			path = Debug;
			sourceTree = "<group>";
		};
		B2FA04B12C0230280036CBB0 /* Other */ = {
			isa = PBXGroup;
			children = (
				B2FA04B42C023AAB0036CBB0 /* InfoPlist.xcstrings */,
				B2FA04B82C023C180036CBB0 /* LaunchScreen.storyboard */,
				B2FA04B22C023A700036CBB0 /* Localizable.xcstrings */,
				B2FA04B62C023BB40036CBB0 /* PrivacyInfo.xcprivacy */,
				B2FA04BA2C023CD80036CBB0 /* RailwayMap.png */,
			);
			path = Other;
			sourceTree = "<group>";
		};
		B2FA04C12C02862B0036CBB0 /* Service */ = {
			isa = PBXGroup;
			children = (
				B211DA252C04D18900ABD0F3 /* LocationService.swift */,
				B25C917B2C0736FA00EC0278 /* MapSourceService.swift */,
			);
			path = Service;
			sourceTree = "<group>";
		};
		B2FA04C22C0286380036CBB0 /* Extensions */ = {
			isa = PBXGroup;
			children = (
				B2FA04C32C02869B0036CBB0 /* Color+Extensions.swift */,
				B25C917D2C07803300EC0278 /* Double+Extensions.swift */,
				B25C917F2C07875C00EC0278 /* Notification+Extensions.swift */,
				B2D262D82C0F0659004B67A5 /* UserDefaults+Extensions.swift */,
			);
			path = Extensions;
			sourceTree = "<group>";
		};
/* End PBXGroup section */

/* Begin PBXNativeTarget section */
		B26134102BFB92B700E0233E /* RailwayMap */ = {
			isa = PBXNativeTarget;
			buildConfigurationList = B26134352BFB92B900E0233E /* Build configuration list for PBXNativeTarget "RailwayMap" */;
			buildPhases = (
				B261340D2BFB92B700E0233E /* Sources */,
				B261340E2BFB92B700E0233E /* Frameworks */,
				B261340F2BFB92B700E0233E /* Resources */,
			);
			buildRules = (
			);
			dependencies = (
			);
			name = RailwayMap;
			packageProductDependencies = (
				B26134452BFBA1C500E0233E /* MapLibre */,
				B2FA04BD2C023F8C0036CBB0 /* PermissionsSwiftUILocation */,
				B25C91622C05DF7900EC0278 /* Swinject */,
			);
			productName = RailwayMap;
			productReference = B26134112BFB92B700E0233E /* RailwayMap.app */;
			productType = "com.apple.product-type.application";
		};
		B26134202BFB92B800E0233E /* RailwayMapTests */ = {
			isa = PBXNativeTarget;
			buildConfigurationList = B26134382BFB92B900E0233E /* Build configuration list for PBXNativeTarget "RailwayMapTests" */;
			buildPhases = (
				B261341D2BFB92B800E0233E /* Sources */,
				B261341E2BFB92B800E0233E /* Frameworks */,
				B261341F2BFB92B800E0233E /* Resources */,
			);
			buildRules = (
			);
			dependencies = (
				B26134232BFB92B800E0233E /* PBXTargetDependency */,
			);
			name = RailwayMapTests;
			productName = RailwayMapTests;
			productReference = B26134212BFB92B800E0233E /* RailwayMapTests.xctest */;
			productType = "com.apple.product-type.bundle.unit-test";
		};
		B261342A2BFB92B900E0233E /* RailwayMapUITests */ = {
			isa = PBXNativeTarget;
			buildConfigurationList = B261343B2BFB92B900E0233E /* Build configuration list for PBXNativeTarget "RailwayMapUITests" */;
			buildPhases = (
				B26134272BFB92B900E0233E /* Sources */,
				B26134282BFB92B900E0233E /* Frameworks */,
				B26134292BFB92B900E0233E /* Resources */,
			);
			buildRules = (
			);
			dependencies = (
				B261342D2BFB92B900E0233E /* PBXTargetDependency */,
			);
			name = RailwayMapUITests;
			productName = RailwayMapUITests;
			productReference = B261342B2BFB92B900E0233E /* RailwayMapUITests.xctest */;
			productType = "com.apple.product-type.bundle.ui-testing";
		};
/* End PBXNativeTarget section */

/* Begin PBXProject section */
		B26134092BFB92B700E0233E /* Project object */ = {
			isa = PBXProject;
			attributes = {
				BuildIndependentTargetsInParallel = 1;
				LastSwiftUpdateCheck = 1530;
				LastUpgradeCheck = 1530;
				TargetAttributes = {
					B26134102BFB92B700E0233E = {
						CreatedOnToolsVersion = 15.3;
					};
					B26134202BFB92B800E0233E = {
						CreatedOnToolsVersion = 15.3;
						TestTargetID = B26134102BFB92B700E0233E;
					};
					B261342A2BFB92B900E0233E = {
						CreatedOnToolsVersion = 15.3;
						TestTargetID = B26134102BFB92B700E0233E;
					};
				};
			};
			buildConfigurationList = B261340C2BFB92B700E0233E /* Build configuration list for PBXProject "RailwayMap" */;
			compatibilityVersion = "Xcode 14.0";
			developmentRegion = en;
			hasScannedForEncodings = 0;
			knownRegions = (
				en,
				Base,
				pl,
			);
			mainGroup = B26134082BFB92B700E0233E;
			packageReferences = (
				B26134442BFBA1C500E0233E /* XCRemoteSwiftPackageReference "maplibre-gl-native-distribution" */,
				B2FA04BC2C023F8C0036CBB0 /* XCRemoteSwiftPackageReference "PermissionsSwiftUI" */,
				B25C91612C05DF7900EC0278 /* XCRemoteSwiftPackageReference "Swinject" */,
			);
			productRefGroup = B26134122BFB92B700E0233E /* Products */;
			projectDirPath = "";
			projectRoot = "";
			targets = (
				B26134102BFB92B700E0233E /* RailwayMap */,
				B26134202BFB92B800E0233E /* RailwayMapTests */,
				B261342A2BFB92B900E0233E /* RailwayMapUITests */,
			);
		};
/* End PBXProject section */

/* Begin PBXResourcesBuildPhase section */
		B261340F2BFB92B700E0233E /* Resources */ = {
			isa = PBXResourcesBuildPhase;
			buildActionMask = 2147483647;
			files = (
				B2FA04B52C023AAB0036CBB0 /* InfoPlist.xcstrings in Resources */,
				B2FA04B92C023C180036CBB0 /* LaunchScreen.storyboard in Resources */,
				B2FA04B72C023BB40036CBB0 /* PrivacyInfo.xcprivacy in Resources */,
				B26134432BFBA07800E0233E /* world-railways.mbtiles in Resources */,
				B2FA04B32C023A700036CBB0 /* Localizable.xcstrings in Resources */,
				B261341C2BFB92B800E0233E /* Preview Assets.xcassets in Resources */,
				B2FA04BB2C023CD80036CBB0 /* RailwayMap.png in Resources */,
				B26134192BFB92B800E0233E /* Assets.xcassets in Resources */,
			);
			runOnlyForDeploymentPostprocessing = 0;
		};
		B261341F2BFB92B800E0233E /* Resources */ = {
			isa = PBXResourcesBuildPhase;
			buildActionMask = 2147483647;
			files = (
			);
			runOnlyForDeploymentPostprocessing = 0;
		};
		B26134292BFB92B900E0233E /* Resources */ = {
			isa = PBXResourcesBuildPhase;
			buildActionMask = 2147483647;
			files = (
				B244E9FE2C0E251F00D3BA9A /* Assets.xcassets in Resources */,
			);
			runOnlyForDeploymentPostprocessing = 0;
		};
/* End PBXResourcesBuildPhase section */

/* Begin PBXSourcesBuildPhase section */
		B261340D2BFB92B700E0233E /* Sources */ = {
			isa = PBXSourcesBuildPhase;
			buildActionMask = 2147483647;
			files = (
				B211DA282C04F9DC00ABD0F3 /* MapAreaDetailsView.swift in Sources */,
				B2FA04C02C0241220036CBB0 /* ExploreTabView.swift in Sources */,
				B26134482BFBA46E00E0233E /* MapLibreView.swift in Sources */,
				B25C917A2C07354800EC0278 /* ExploreTabViewModel.swift in Sources */,
				B26134172BFB92B700E0233E /* ContentView.swift in Sources */,
				B26134412BFB9F9000E0233E /* MapTabView.swift in Sources */,
				B25C91802C07875C00EC0278 /* Notification+Extensions.swift in Sources */,
				B2D262D92C0F0659004B67A5 /* UserDefaults+Extensions.swift in Sources */,
				B25C91822C07AD7900EC0278 /* MainContentViewModel.swift in Sources */,
				B2C059262C011532004326F0 /* MapLayersOptionsView.swift in Sources */,
				B211DA2C2C0500D400ABD0F3 /* Station.swift in Sources */,
				B211DA2A2C04FF3500ABD0F3 /* MapAreaDetailsViewModel.swift in Sources */,
				B25C91652C05E29F00EC0278 /* AppDelegate.swift in Sources */,
				B2FA04C42C02869B0036CBB0 /* Color+Extensions.swift in Sources */,
				B211DA262C04D18900ABD0F3 /* LocationService.swift in Sources */,
				B2C059242C011490004326F0 /* MapLayerOptions.swift in Sources */,
				B25C917E2C07803300EC0278 /* Double+Extensions.swift in Sources */,
				B2D262DC2C0F5BE5004B67A5 /* DebugAction.swift in Sources */,
				B25C917C2C0736FA00EC0278 /* MapSourceService.swift in Sources */,
				B211DA2E2C0500E800ABD0F3 /* Track.swift in Sources */,
				B244E9F22C0DE03300D3BA9A /* GlobalState.swift in Sources */,
				B26134152BFB92B700E0233E /* RailwayMapApp.swift in Sources */,
				B2C059282C011579004326F0 /* MapLayerOptionCellView.swift in Sources */,
				B2C059212C00C2EC004326F0 /* MapTabViewModel.swift in Sources */,
			);
			runOnlyForDeploymentPostprocessing = 0;
		};
		B261341D2BFB92B800E0233E /* Sources */ = {
			isa = PBXSourcesBuildPhase;
			buildActionMask = 2147483647;
			files = (
				B26134262BFB92B800E0233E /* RailwayMapTests.swift in Sources */,
			);
			runOnlyForDeploymentPostprocessing = 0;
		};
		B26134272BFB92B900E0233E /* Sources */ = {
			isa = PBXSourcesBuildPhase;
			buildActionMask = 2147483647;
			files = (
				B244E9FD2C0E251300D3BA9A /* ScreenshotWithTitle.swift in Sources */,
				B25C91742C06940300EC0278 /* TitleAlignment.swift in Sources */,
				B25C91732C06940300EC0278 /* ImageBackground.swift in Sources */,
				B244E9FF2C0E254700D3BA9A /* RailwayMapUITests.swift in Sources */,
				B25C91722C06940300EC0278 /* ExportSize.swift in Sources */,
				B244EA012C0E255900D3BA9A /* ExportMarketingImageToURL.swift in Sources */,
				B2D262DD2C0FA1F9004B67A5 /* DebugAction.swift in Sources */,
				B290F7E72C0BCA2A002D86FB /* Color+Extensions.swift in Sources */,
				B26134322BFB92B900E0233E /* RailwayMapUITestsLaunchTests.swift in Sources */,
				B25C91752C06940300EC0278 /* ViewToUIImage.swift in Sources */,
				B244E9FC2C0E251000D3BA9A /* CapturingView.swift in Sources */,
			);
			runOnlyForDeploymentPostprocessing = 0;
		};
/* End PBXSourcesBuildPhase section */

/* Begin PBXTargetDependency section */
		B26134232BFB92B800E0233E /* PBXTargetDependency */ = {
			isa = PBXTargetDependency;
			target = B26134102BFB92B700E0233E /* RailwayMap */;
			targetProxy = B26134222BFB92B800E0233E /* PBXContainerItemProxy */;
		};
		B261342D2BFB92B900E0233E /* PBXTargetDependency */ = {
			isa = PBXTargetDependency;
			target = B26134102BFB92B700E0233E /* RailwayMap */;
			targetProxy = B261342C2BFB92B900E0233E /* PBXContainerItemProxy */;
		};
/* End PBXTargetDependency section */

/* Begin XCBuildConfiguration section */
		B26134332BFB92B900E0233E /* Debug */ = {
			isa = XCBuildConfiguration;
			buildSettings = {
				ALWAYS_SEARCH_USER_PATHS = NO;
				ASSETCATALOG_COMPILER_GENERATE_SWIFT_ASSET_SYMBOL_EXTENSIONS = YES;
				CLANG_ANALYZER_NONNULL = YES;
				CLANG_ANALYZER_NUMBER_OBJECT_CONVERSION = YES_AGGRESSIVE;
				CLANG_CXX_LANGUAGE_STANDARD = "gnu++20";
				CLANG_ENABLE_MODULES = YES;
				CLANG_ENABLE_OBJC_ARC = YES;
				CLANG_ENABLE_OBJC_WEAK = YES;
				CLANG_WARN_BLOCK_CAPTURE_AUTORELEASING = YES;
				CLANG_WARN_BOOL_CONVERSION = YES;
				CLANG_WARN_COMMA = YES;
				CLANG_WARN_CONSTANT_CONVERSION = YES;
				CLANG_WARN_DEPRECATED_OBJC_IMPLEMENTATIONS = YES;
				CLANG_WARN_DIRECT_OBJC_ISA_USAGE = YES_ERROR;
				CLANG_WARN_DOCUMENTATION_COMMENTS = YES;
				CLANG_WARN_EMPTY_BODY = YES;
				CLANG_WARN_ENUM_CONVERSION = YES;
				CLANG_WARN_INFINITE_RECURSION = YES;
				CLANG_WARN_INT_CONVERSION = YES;
				CLANG_WARN_NON_LITERAL_NULL_CONVERSION = YES;
				CLANG_WARN_OBJC_IMPLICIT_RETAIN_SELF = YES;
				CLANG_WARN_OBJC_LITERAL_CONVERSION = YES;
				CLANG_WARN_OBJC_ROOT_CLASS = YES_ERROR;
				CLANG_WARN_QUOTED_INCLUDE_IN_FRAMEWORK_HEADER = YES;
				CLANG_WARN_RANGE_LOOP_ANALYSIS = YES;
				CLANG_WARN_STRICT_PROTOTYPES = YES;
				CLANG_WARN_SUSPICIOUS_MOVE = YES;
				CLANG_WARN_UNGUARDED_AVAILABILITY = YES_AGGRESSIVE;
				CLANG_WARN_UNREACHABLE_CODE = YES;
				CLANG_WARN__DUPLICATE_METHOD_MATCH = YES;
				COPY_PHASE_STRIP = NO;
				DEBUG_INFORMATION_FORMAT = dwarf;
				ENABLE_STRICT_OBJC_MSGSEND = YES;
				ENABLE_TESTABILITY = YES;
				ENABLE_USER_SCRIPT_SANDBOXING = YES;
				GCC_C_LANGUAGE_STANDARD = gnu17;
				GCC_DYNAMIC_NO_PIC = NO;
				GCC_NO_COMMON_BLOCKS = YES;
				GCC_OPTIMIZATION_LEVEL = 0;
				GCC_PREPROCESSOR_DEFINITIONS = (
					"DEBUG=1",
					"$(inherited)",
				);
				GCC_WARN_64_TO_32_BIT_CONVERSION = YES;
				GCC_WARN_ABOUT_RETURN_TYPE = YES_ERROR;
				GCC_WARN_UNDECLARED_SELECTOR = YES;
				GCC_WARN_UNINITIALIZED_AUTOS = YES_AGGRESSIVE;
				GCC_WARN_UNUSED_FUNCTION = YES;
				GCC_WARN_UNUSED_VARIABLE = YES;
				IPHONEOS_DEPLOYMENT_TARGET = 17.0;
				LOCALIZATION_PREFERS_STRING_CATALOGS = YES;
				MTL_ENABLE_DEBUG_INFO = INCLUDE_SOURCE;
				MTL_FAST_MATH = YES;
				ONLY_ACTIVE_ARCH = YES;
				SDKROOT = iphoneos;
				SWIFT_ACTIVE_COMPILATION_CONDITIONS = "DEBUG $(inherited)";
				SWIFT_OPTIMIZATION_LEVEL = "-Onone";
			};
			name = Debug;
		};
		B26134342BFB92B900E0233E /* Release */ = {
			isa = XCBuildConfiguration;
			buildSettings = {
				ALWAYS_SEARCH_USER_PATHS = NO;
				ASSETCATALOG_COMPILER_GENERATE_SWIFT_ASSET_SYMBOL_EXTENSIONS = YES;
				CLANG_ANALYZER_NONNULL = YES;
				CLANG_ANALYZER_NUMBER_OBJECT_CONVERSION = YES_AGGRESSIVE;
				CLANG_CXX_LANGUAGE_STANDARD = "gnu++20";
				CLANG_ENABLE_MODULES = YES;
				CLANG_ENABLE_OBJC_ARC = YES;
				CLANG_ENABLE_OBJC_WEAK = YES;
				CLANG_WARN_BLOCK_CAPTURE_AUTORELEASING = YES;
				CLANG_WARN_BOOL_CONVERSION = YES;
				CLANG_WARN_COMMA = YES;
				CLANG_WARN_CONSTANT_CONVERSION = YES;
				CLANG_WARN_DEPRECATED_OBJC_IMPLEMENTATIONS = YES;
				CLANG_WARN_DIRECT_OBJC_ISA_USAGE = YES_ERROR;
				CLANG_WARN_DOCUMENTATION_COMMENTS = YES;
				CLANG_WARN_EMPTY_BODY = YES;
				CLANG_WARN_ENUM_CONVERSION = YES;
				CLANG_WARN_INFINITE_RECURSION = YES;
				CLANG_WARN_INT_CONVERSION = YES;
				CLANG_WARN_NON_LITERAL_NULL_CONVERSION = YES;
				CLANG_WARN_OBJC_IMPLICIT_RETAIN_SELF = YES;
				CLANG_WARN_OBJC_LITERAL_CONVERSION = YES;
				CLANG_WARN_OBJC_ROOT_CLASS = YES_ERROR;
				CLANG_WARN_QUOTED_INCLUDE_IN_FRAMEWORK_HEADER = YES;
				CLANG_WARN_RANGE_LOOP_ANALYSIS = YES;
				CLANG_WARN_STRICT_PROTOTYPES = YES;
				CLANG_WARN_SUSPICIOUS_MOVE = YES;
				CLANG_WARN_UNGUARDED_AVAILABILITY = YES_AGGRESSIVE;
				CLANG_WARN_UNREACHABLE_CODE = YES;
				CLANG_WARN__DUPLICATE_METHOD_MATCH = YES;
				COPY_PHASE_STRIP = NO;
				DEBUG_INFORMATION_FORMAT = "dwarf-with-dsym";
				ENABLE_NS_ASSERTIONS = NO;
				ENABLE_STRICT_OBJC_MSGSEND = YES;
				ENABLE_USER_SCRIPT_SANDBOXING = YES;
				GCC_C_LANGUAGE_STANDARD = gnu17;
				GCC_NO_COMMON_BLOCKS = YES;
				GCC_WARN_64_TO_32_BIT_CONVERSION = YES;
				GCC_WARN_ABOUT_RETURN_TYPE = YES_ERROR;
				GCC_WARN_UNDECLARED_SELECTOR = YES;
				GCC_WARN_UNINITIALIZED_AUTOS = YES_AGGRESSIVE;
				GCC_WARN_UNUSED_FUNCTION = YES;
				GCC_WARN_UNUSED_VARIABLE = YES;
				IPHONEOS_DEPLOYMENT_TARGET = 17.0;
				LOCALIZATION_PREFERS_STRING_CATALOGS = YES;
				MTL_ENABLE_DEBUG_INFO = NO;
				MTL_FAST_MATH = YES;
				SDKROOT = iphoneos;
				SWIFT_COMPILATION_MODE = wholemodule;
				VALIDATE_PRODUCT = YES;
			};
			name = Release;
		};
		B26134362BFB92B900E0233E /* Debug */ = {
			isa = XCBuildConfiguration;
			buildSettings = {
				ASSETCATALOG_COMPILER_APPICON_NAME = AppIcon;
				ASSETCATALOG_COMPILER_GLOBAL_ACCENT_COLOR_NAME = AccentColor;
				CODE_SIGN_STYLE = Automatic;
				CURRENT_PROJECT_VERSION = 2;
				DEVELOPMENT_ASSET_PATHS = "\"RailwayMap/Preview Content\"";
				DEVELOPMENT_TEAM = Z729D9DEF5;
				ENABLE_PREVIEWS = YES;
				GENERATE_INFOPLIST_FILE = YES;
				INFOPLIST_FILE = RailwayMap/Info.plist;
				INFOPLIST_KEY_CFBundleDisplayName = "Railway map";
				INFOPLIST_KEY_LSApplicationCategoryType = "public.app-category.navigation";
				INFOPLIST_KEY_NSLocationAlwaysAndWhenInUseUsageDescription = "Allow to access your location to see which stations/stops you're closed to";
				INFOPLIST_KEY_NSLocationUsageDescription = "Allow to access your location to see which stations/stops you're closed to";
				INFOPLIST_KEY_NSLocationWhenInUseUsageDescription = "Allow to access your location to see which stations/stops you're closed to";
				INFOPLIST_KEY_UIApplicationSceneManifest_Generation = YES;
				INFOPLIST_KEY_UIApplicationSupportsIndirectInputEvents = YES;
				INFOPLIST_KEY_UILaunchStoryboardName = LaunchScreen;
				INFOPLIST_KEY_UISupportedInterfaceOrientations_iPad = "UIInterfaceOrientationPortrait UIInterfaceOrientationPortraitUpsideDown UIInterfaceOrientationLandscapeLeft UIInterfaceOrientationLandscapeRight";
				INFOPLIST_KEY_UISupportedInterfaceOrientations_iPhone = "UIInterfaceOrientationPortrait UIInterfaceOrientationLandscapeLeft UIInterfaceOrientationLandscapeRight";
				IPHONEOS_DEPLOYMENT_TARGET = 17.0;
				LD_RUNPATH_SEARCH_PATHS = (
					"$(inherited)",
					"@executable_path/Frameworks",
				);
				MARKETING_VERSION = 1.0;
				PRODUCT_BUNDLE_IDENTIFIER = com.knapsoft.RailwayMap;
				PRODUCT_NAME = "$(TARGET_NAME)";
				SWIFT_EMIT_LOC_STRINGS = YES;
				SWIFT_VERSION = 5.0;
				TARGETED_DEVICE_FAMILY = "1,2";
			};
			name = Debug;
		};
		B26134372BFB92B900E0233E /* Release */ = {
			isa = XCBuildConfiguration;
			buildSettings = {
				ASSETCATALOG_COMPILER_APPICON_NAME = AppIcon;
				ASSETCATALOG_COMPILER_GLOBAL_ACCENT_COLOR_NAME = AccentColor;
				CODE_SIGN_STYLE = Automatic;
				CURRENT_PROJECT_VERSION = 2;
				DEVELOPMENT_ASSET_PATHS = "\"RailwayMap/Preview Content\"";
				DEVELOPMENT_TEAM = Z729D9DEF5;
				ENABLE_PREVIEWS = YES;
				GENERATE_INFOPLIST_FILE = YES;
				INFOPLIST_FILE = RailwayMap/Info.plist;
				INFOPLIST_KEY_CFBundleDisplayName = "Railway map";
				INFOPLIST_KEY_LSApplicationCategoryType = "public.app-category.navigation";
				INFOPLIST_KEY_NSLocationAlwaysAndWhenInUseUsageDescription = "Allow to access your location to see which stations/stops you're closed to";
				INFOPLIST_KEY_NSLocationUsageDescription = "Allow to access your location to see which stations/stops you're closed to";
				INFOPLIST_KEY_NSLocationWhenInUseUsageDescription = "Allow to access your location to see which stations/stops you're closed to";
				INFOPLIST_KEY_UIApplicationSceneManifest_Generation = YES;
				INFOPLIST_KEY_UIApplicationSupportsIndirectInputEvents = YES;
				INFOPLIST_KEY_UILaunchStoryboardName = LaunchScreen;
				INFOPLIST_KEY_UISupportedInterfaceOrientations_iPad = "UIInterfaceOrientationPortrait UIInterfaceOrientationPortraitUpsideDown UIInterfaceOrientationLandscapeLeft UIInterfaceOrientationLandscapeRight";
				INFOPLIST_KEY_UISupportedInterfaceOrientations_iPhone = "UIInterfaceOrientationPortrait UIInterfaceOrientationLandscapeLeft UIInterfaceOrientationLandscapeRight";
				IPHONEOS_DEPLOYMENT_TARGET = 17.0;
				LD_RUNPATH_SEARCH_PATHS = (
					"$(inherited)",
					"@executable_path/Frameworks",
				);
				MARKETING_VERSION = 1.0;
				PRODUCT_BUNDLE_IDENTIFIER = com.knapsoft.RailwayMap;
				PRODUCT_NAME = "$(TARGET_NAME)";
				SWIFT_EMIT_LOC_STRINGS = YES;
				SWIFT_VERSION = 5.0;
				TARGETED_DEVICE_FAMILY = "1,2";
			};
			name = Release;
		};
		B26134392BFB92B900E0233E /* Debug */ = {
			isa = XCBuildConfiguration;
			buildSettings = {
				ALWAYS_EMBED_SWIFT_STANDARD_LIBRARIES = YES;
				BUNDLE_LOADER = "$(TEST_HOST)";
				CODE_SIGN_STYLE = Automatic;
				CURRENT_PROJECT_VERSION = 1;
				DEVELOPMENT_TEAM = Z729D9DEF5;
				GENERATE_INFOPLIST_FILE = YES;
				IPHONEOS_DEPLOYMENT_TARGET = 17.4;
				MARKETING_VERSION = 1.0;
				PRODUCT_BUNDLE_IDENTIFIER = com.knapsoft.RailwayMapTests;
				PRODUCT_NAME = "$(TARGET_NAME)";
				SWIFT_EMIT_LOC_STRINGS = NO;
				SWIFT_VERSION = 5.0;
				TARGETED_DEVICE_FAMILY = "1,2";
				TEST_HOST = "$(BUILT_PRODUCTS_DIR)/RailwayMap.app/$(BUNDLE_EXECUTABLE_FOLDER_PATH)/RailwayMap";
			};
			name = Debug;
		};
		B261343A2BFB92B900E0233E /* Release */ = {
			isa = XCBuildConfiguration;
			buildSettings = {
				ALWAYS_EMBED_SWIFT_STANDARD_LIBRARIES = YES;
				BUNDLE_LOADER = "$(TEST_HOST)";
				CODE_SIGN_STYLE = Automatic;
				CURRENT_PROJECT_VERSION = 1;
				DEVELOPMENT_TEAM = Z729D9DEF5;
				GENERATE_INFOPLIST_FILE = YES;
				IPHONEOS_DEPLOYMENT_TARGET = 17.4;
				MARKETING_VERSION = 1.0;
				PRODUCT_BUNDLE_IDENTIFIER = com.knapsoft.RailwayMapTests;
				PRODUCT_NAME = "$(TARGET_NAME)";
				SWIFT_EMIT_LOC_STRINGS = NO;
				SWIFT_VERSION = 5.0;
				TARGETED_DEVICE_FAMILY = "1,2";
				TEST_HOST = "$(BUILT_PRODUCTS_DIR)/RailwayMap.app/$(BUNDLE_EXECUTABLE_FOLDER_PATH)/RailwayMap";
			};
			name = Release;
		};
		B261343C2BFB92B900E0233E /* Debug */ = {
			isa = XCBuildConfiguration;
			buildSettings = {
				ALWAYS_EMBED_SWIFT_STANDARD_LIBRARIES = YES;
				CODE_SIGN_STYLE = Automatic;
				CURRENT_PROJECT_VERSION = 1;
				DEVELOPMENT_TEAM = Z729D9DEF5;
				ENABLE_PREVIEWS = YES;
				GENERATE_INFOPLIST_FILE = YES;
				IPHONEOS_DEPLOYMENT_TARGET = 17.0;
				MARKETING_VERSION = 1.0;
				PRODUCT_BUNDLE_IDENTIFIER = com.knapsoft.RailwayMapUITests;
				PRODUCT_NAME = "$(TARGET_NAME)";
				SWIFT_EMIT_LOC_STRINGS = NO;
				SWIFT_VERSION = 5.0;
				TARGETED_DEVICE_FAMILY = "1,2";
				TEST_TARGET_NAME = RailwayMap;
			};
			name = Debug;
		};
		B261343D2BFB92B900E0233E /* Release */ = {
			isa = XCBuildConfiguration;
			buildSettings = {
				ALWAYS_EMBED_SWIFT_STANDARD_LIBRARIES = YES;
				CODE_SIGN_STYLE = Automatic;
				CURRENT_PROJECT_VERSION = 1;
				DEVELOPMENT_TEAM = Z729D9DEF5;
				ENABLE_PREVIEWS = YES;
				GENERATE_INFOPLIST_FILE = YES;
				IPHONEOS_DEPLOYMENT_TARGET = 17.0;
				MARKETING_VERSION = 1.0;
				PRODUCT_BUNDLE_IDENTIFIER = com.knapsoft.RailwayMapUITests;
				PRODUCT_NAME = "$(TARGET_NAME)";
				SWIFT_EMIT_LOC_STRINGS = NO;
				SWIFT_VERSION = 5.0;
				TARGETED_DEVICE_FAMILY = "1,2";
				TEST_TARGET_NAME = RailwayMap;
			};
			name = Release;
		};
/* End XCBuildConfiguration section */

/* Begin XCConfigurationList section */
		B261340C2BFB92B700E0233E /* Build configuration list for PBXProject "RailwayMap" */ = {
			isa = XCConfigurationList;
			buildConfigurations = (
				B26134332BFB92B900E0233E /* Debug */,
				B26134342BFB92B900E0233E /* Release */,
			);
			defaultConfigurationIsVisible = 0;
			defaultConfigurationName = Release;
		};
		B26134352BFB92B900E0233E /* Build configuration list for PBXNativeTarget "RailwayMap" */ = {
			isa = XCConfigurationList;
			buildConfigurations = (
				B26134362BFB92B900E0233E /* Debug */,
				B26134372BFB92B900E0233E /* Release */,
			);
			defaultConfigurationIsVisible = 0;
			defaultConfigurationName = Release;
		};
		B26134382BFB92B900E0233E /* Build configuration list for PBXNativeTarget "RailwayMapTests" */ = {
			isa = XCConfigurationList;
			buildConfigurations = (
				B26134392BFB92B900E0233E /* Debug */,
				B261343A2BFB92B900E0233E /* Release */,
			);
			defaultConfigurationIsVisible = 0;
			defaultConfigurationName = Release;
		};
		B261343B2BFB92B900E0233E /* Build configuration list for PBXNativeTarget "RailwayMapUITests" */ = {
			isa = XCConfigurationList;
			buildConfigurations = (
				B261343C2BFB92B900E0233E /* Debug */,
				B261343D2BFB92B900E0233E /* Release */,
			);
			defaultConfigurationIsVisible = 0;
			defaultConfigurationName = Release;
		};
/* End XCConfigurationList section */

/* Begin XCRemoteSwiftPackageReference section */
		B25C91612C05DF7900EC0278 /* XCRemoteSwiftPackageReference "Swinject" */ = {
			isa = XCRemoteSwiftPackageReference;
			repositoryURL = "https://github.com/Swinject/Swinject.git";
			requirement = {
				kind = upToNextMajorVersion;
				minimumVersion = 2.8.8;
			};
		};
		B26134442BFBA1C500E0233E /* XCRemoteSwiftPackageReference "maplibre-gl-native-distribution" */ = {
			isa = XCRemoteSwiftPackageReference;
			repositoryURL = "https://github.com/maplibre/maplibre-gl-native-distribution";
			requirement = {
				kind = upToNextMajorVersion;
				minimumVersion = 6.4.2;
			};
		};
		B2FA04BC2C023F8C0036CBB0 /* XCRemoteSwiftPackageReference "PermissionsSwiftUI" */ = {
			isa = XCRemoteSwiftPackageReference;
			repositoryURL = "https://github.com/lukaszkn/PermissionsSwiftUI.git";
			requirement = {
				branch = main;
				kind = branch;
			};
		};
/* End XCRemoteSwiftPackageReference section */

/* Begin XCSwiftPackageProductDependency section */
		B25C91622C05DF7900EC0278 /* Swinject */ = {
			isa = XCSwiftPackageProductDependency;
			package = B25C91612C05DF7900EC0278 /* XCRemoteSwiftPackageReference "Swinject" */;
			productName = Swinject;
		};
		B26134452BFBA1C500E0233E /* MapLibre */ = {
			isa = XCSwiftPackageProductDependency;
			package = B26134442BFBA1C500E0233E /* XCRemoteSwiftPackageReference "maplibre-gl-native-distribution" */;
			productName = MapLibre;
		};
		B2FA04BD2C023F8C0036CBB0 /* PermissionsSwiftUILocation */ = {
			isa = XCSwiftPackageProductDependency;
			package = B2FA04BC2C023F8C0036CBB0 /* XCRemoteSwiftPackageReference "PermissionsSwiftUI" */;
			productName = PermissionsSwiftUILocation;
		};
/* End XCSwiftPackageProductDependency section */
	};
	rootObject = B26134092BFB92B700E0233E /* Project object */;
}
